
Microsoft Visual Studio Solution File, Format Version 12.00
# Visual Studio Version 17
VisualStudioVersion = 17.5.002.0
MinimumVisualStudioVersion = 10.0.40219.1
Project("{9A19103F-16F7-4668-BE54-9A1E7A4F7556}") = "TestProject", "TestProject.csproj", "{CB96940E-F1C6-45D4-8530-9570DC04757F}"
EndProject
Global
	GlobalSection(SolutionConfigurationPlatforms) = preSolution
		Debug|Any CPU = Debug|Any CPU
		Release|Any CPU = Release|Any CPU
	EndGlobalSection
	GlobalSection(ProjectConfigurationPlatforms) = postSolution
		{CB96940E-F1C6-45D4-8530-9570DC04757F}.Debug|Any CPU.ActiveCfg = Debug|Any CPU
		{CB96940E-F1C6-45D4-8530-9570DC04757F}.Debug|Any CPU.Build.0 = Debug|Any CPU
		{CB96940E-F1C6-45D4-8530-9570DC04757F}.Release|Any CPU.ActiveCfg = Release|Any CPU
		{CB96940E-F1C6-45D4-8530-9570DC04757F}.Release|Any CPU.Build.0 = Release|Any CPU
	EndGlobalSection
	GlobalSection(SolutionProperties) = preSolution
		HideSolutionNode = FALSE
	EndGlobalSection
	GlobalSection(ExtensibilityGlobals) = postSolution
		SolutionGuid = {B8D694C1-ECF2-4B1C-8D46-E8982C2A2F17}
	EndGlobalSection
EndGlobal
